
Microsoft Visual Studio Solution File, Format Version 12.00
# Visual Studio Version 16
VisualStudioVersion = 16.0.29403.142
MinimumVisualStudioVersion = 10.0.40219.1
Project("{FAE04EC0-301F-11D3-BF4B-00C04F79EFBC}") = "1zd", "5pr\1zd.csproj", "{82014FD4-0BAC-4D8F-8A01-70D5AE97A476}"
EndProject
Project("{FAE04EC0-301F-11D3-BF4B-00C04F79EFBC}") = "2zd", "2zd\2zd.csproj", "{808A85C9-9DCE-4D63-88F9-3C5A7494C09A}"
EndProject
Global
	GlobalSection(SolutionConfigurationPlatforms) = preSolution
		Debug|Any CPU = Debug|Any CPU
		Release|Any CPU = Release|Any CPU
	EndGlobalSection
	GlobalSection(ProjectConfigurationPlatforms) = postSolution
		{82014FD4-0BAC-4D8F-8A01-70D5AE97A476}.Debug|Any CPU.ActiveCfg = Debug|Any CPU
		{82014FD4-0BAC-4D8F-8A01-70D5AE97A476}.Debug|Any CPU.Build.0 = Debug|Any CPU
		{82014FD4-0BAC-4D8F-8A01-70D5AE97A476}.Release|Any CPU.ActiveCfg = Release|Any CPU
		{82014FD4-0BAC-4D8F-8A01-70D5AE97A476}.Release|Any CPU.Build.0 = Release|Any CPU
		{808A85C9-9DCE-4D63-88F9-3C5A7494C09A}.Debug|Any CPU.ActiveCfg = Debug|Any CPU
		{808A85C9-9DCE-4D63-88F9-3C5A7494C09A}.Debug|Any CPU.Build.0 = Debug|Any CPU
		{808A85C9-9DCE-4D63-88F9-3C5A7494C09A}.Release|Any CPU.ActiveCfg = Release|Any CPU
		{808A85C9-9DCE-4D63-88F9-3C5A7494C09A}.Release|Any CPU.Build.0 = Release|Any CPU
	EndGlobalSection
	GlobalSection(SolutionProperties) = preSolution
		HideSolutionNode = FALSE
	EndGlobalSection
	GlobalSection(ExtensibilityGlobals) = postSolution
		SolutionGuid = {0328D659-83FE-44DD-ABBD-916F32F90BFE}
	EndGlobalSection
EndGlobal
