
Microsoft Visual Studio Solution File, Format Version 12.00
# Visual Studio Version 17
VisualStudioVersion = 17.5.33516.290
MinimumVisualStudioVersion = 10.0.40219.1
Project("{FAE04EC0-301F-11D3-BF4B-00C04F79EFBC}") = "Сервер", "WindowsFormsApp2\Сервер.csproj", "{1325DBBC-BE81-459E-A815-F9FFD235ECB7}"
EndProject
Project("{FAE04EC0-301F-11D3-BF4B-00C04F79EFBC}") = "Клиент", "WindowsFormsApp1\Клиент.csproj", "{06E5665F-3B20-4394-A901-45AF0D697561}"
EndProject
Global
	GlobalSection(SolutionConfigurationPlatforms) = preSolution
		Debug|Any CPU = Debug|Any CPU
		Release|Any CPU = Release|Any CPU
	EndGlobalSection
	GlobalSection(ProjectConfigurationPlatforms) = postSolution
		{1325DBBC-BE81-459E-A815-F9FFD235ECB7}.Debug|Any CPU.ActiveCfg = Debug|Any CPU
		{1325DBBC-BE81-459E-A815-F9FFD235ECB7}.Debug|Any CPU.Build.0 = Debug|Any CPU
		{1325DBBC-BE81-459E-A815-F9FFD235ECB7}.Release|Any CPU.ActiveCfg = Release|Any CPU
		{1325DBBC-BE81-459E-A815-F9FFD235ECB7}.Release|Any CPU.Build.0 = Release|Any CPU
		{06E5665F-3B20-4394-A901-45AF0D697561}.Debug|Any CPU.ActiveCfg = Debug|Any CPU
		{06E5665F-3B20-4394-A901-45AF0D697561}.Debug|Any CPU.Build.0 = Debug|Any CPU
		{06E5665F-3B20-4394-A901-45AF0D697561}.Release|Any CPU.ActiveCfg = Release|Any CPU
		{06E5665F-3B20-4394-A901-45AF0D697561}.Release|Any CPU.Build.0 = Release|Any CPU
	EndGlobalSection
	GlobalSection(SolutionProperties) = preSolution
		HideSolutionNode = FALSE
	EndGlobalSection
	GlobalSection(ExtensibilityGlobals) = postSolution
		SolutionGuid = {1099B9A1-ED9F-4A48-B604-000C8AA5C7AC}
	EndGlobalSection
EndGlobal
