
Microsoft Visual Studio Solution File, Format Version 12.00
# Visual Studio Version 16
VisualStudioVersion = 16.0.29403.142
MinimumVisualStudioVersion = 10.0.40219.1
Project("{FAE04EC0-301F-11D3-BF4B-00C04F79EFBC}") = "14pr", "14pr\14pr.csproj", "{B8A03219-3EE9-4AF2-AA16-49FDC651FD4B}"
EndProject
Global
	GlobalSection(SolutionConfigurationPlatforms) = preSolution
		Debug|Any CPU = Debug|Any CPU
		Release|Any CPU = Release|Any CPU
	EndGlobalSection
	GlobalSection(ProjectConfigurationPlatforms) = postSolution
		{B8A03219-3EE9-4AF2-AA16-49FDC651FD4B}.Debug|Any CPU.ActiveCfg = Debug|Any CPU
		{B8A03219-3EE9-4AF2-AA16-49FDC651FD4B}.Debug|Any CPU.Build.0 = Debug|Any CPU
		{B8A03219-3EE9-4AF2-AA16-49FDC651FD4B}.Release|Any CPU.ActiveCfg = Release|Any CPU
		{B8A03219-3EE9-4AF2-AA16-49FDC651FD4B}.Release|Any CPU.Build.0 = Release|Any CPU
	EndGlobalSection
	GlobalSection(SolutionProperties) = preSolution
		HideSolutionNode = FALSE
	EndGlobalSection
	GlobalSection(ExtensibilityGlobals) = postSolution
		SolutionGuid = {D3700EB1-ED23-4252-87C7-EB86F3CA942D}
	EndGlobalSection
EndGlobal
