
Microsoft Visual Studio Solution File, Format Version 12.00
# Visual Studio Version 16
VisualStudioVersion = 16.0.29403.142
MinimumVisualStudioVersion = 10.0.40219.1
Project("{FAE04EC0-301F-11D3-BF4B-00C04F79EFBC}") = "12pr", "12pr\12pr.csproj", "{C10540B4-CABA-4899-9961-5562874669C9}"
EndProject
Global
	GlobalSection(SolutionConfigurationPlatforms) = preSolution
		Debug|Any CPU = Debug|Any CPU
		Release|Any CPU = Release|Any CPU
	EndGlobalSection
	GlobalSection(ProjectConfigurationPlatforms) = postSolution
		{C10540B4-CABA-4899-9961-5562874669C9}.Debug|Any CPU.ActiveCfg = Debug|Any CPU
		{C10540B4-CABA-4899-9961-5562874669C9}.Debug|Any CPU.Build.0 = Debug|Any CPU
		{C10540B4-CABA-4899-9961-5562874669C9}.Release|Any CPU.ActiveCfg = Release|Any CPU
		{C10540B4-CABA-4899-9961-5562874669C9}.Release|Any CPU.Build.0 = Release|Any CPU
	EndGlobalSection
	GlobalSection(SolutionProperties) = preSolution
		HideSolutionNode = FALSE
	EndGlobalSection
	GlobalSection(ExtensibilityGlobals) = postSolution
		SolutionGuid = {205AC8F7-0B69-4A11-BE3D-508D391F2C95}
	EndGlobalSection
EndGlobal
