
Microsoft Visual Studio Solution File, Format Version 12.00
# Visual Studio Version 16
VisualStudioVersion = 16.0.29403.142
MinimumVisualStudioVersion = 10.0.40219.1
Project("{FAE04EC0-301F-11D3-BF4B-00C04F79EFBC}") = "1zd(1)", "9pr\1zd(1).csproj", "{4E2F2035-3D9A-4886-98D9-840B1B06EF6E}"
EndProject
Project("{FAE04EC0-301F-11D3-BF4B-00C04F79EFBC}") = "1zd(2)", "1zd(2)\1zd(2).csproj", "{3394B113-1349-4F9F-887A-6E1477BC3C32}"
EndProject
Project("{FAE04EC0-301F-11D3-BF4B-00C04F79EFBC}") = "2zd(1)", "2zd(1)\2zd(1).csproj", "{E7FCDEDD-C6C0-48C9-94DA-7E0FAA4C16F0}"
EndProject
Project("{FAE04EC0-301F-11D3-BF4B-00C04F79EFBC}") = "2zd(2)", "2zd(2)\2zd(2).csproj", "{74D89E7F-0561-4A6F-ABB4-D9B4013A23DE}"
EndProject
Global
	GlobalSection(SolutionConfigurationPlatforms) = preSolution
		Debug|Any CPU = Debug|Any CPU
		Release|Any CPU = Release|Any CPU
	EndGlobalSection
	GlobalSection(ProjectConfigurationPlatforms) = postSolution
		{4E2F2035-3D9A-4886-98D9-840B1B06EF6E}.Debug|Any CPU.ActiveCfg = Debug|Any CPU
		{4E2F2035-3D9A-4886-98D9-840B1B06EF6E}.Debug|Any CPU.Build.0 = Debug|Any CPU
		{4E2F2035-3D9A-4886-98D9-840B1B06EF6E}.Release|Any CPU.ActiveCfg = Release|Any CPU
		{4E2F2035-3D9A-4886-98D9-840B1B06EF6E}.Release|Any CPU.Build.0 = Release|Any CPU
		{3394B113-1349-4F9F-887A-6E1477BC3C32}.Debug|Any CPU.ActiveCfg = Debug|Any CPU
		{3394B113-1349-4F9F-887A-6E1477BC3C32}.Debug|Any CPU.Build.0 = Debug|Any CPU
		{3394B113-1349-4F9F-887A-6E1477BC3C32}.Release|Any CPU.ActiveCfg = Release|Any CPU
		{3394B113-1349-4F9F-887A-6E1477BC3C32}.Release|Any CPU.Build.0 = Release|Any CPU
		{E7FCDEDD-C6C0-48C9-94DA-7E0FAA4C16F0}.Debug|Any CPU.ActiveCfg = Debug|Any CPU
		{E7FCDEDD-C6C0-48C9-94DA-7E0FAA4C16F0}.Debug|Any CPU.Build.0 = Debug|Any CPU
		{E7FCDEDD-C6C0-48C9-94DA-7E0FAA4C16F0}.Release|Any CPU.ActiveCfg = Release|Any CPU
		{E7FCDEDD-C6C0-48C9-94DA-7E0FAA4C16F0}.Release|Any CPU.Build.0 = Release|Any CPU
		{74D89E7F-0561-4A6F-ABB4-D9B4013A23DE}.Debug|Any CPU.ActiveCfg = Debug|Any CPU
		{74D89E7F-0561-4A6F-ABB4-D9B4013A23DE}.Debug|Any CPU.Build.0 = Debug|Any CPU
		{74D89E7F-0561-4A6F-ABB4-D9B4013A23DE}.Release|Any CPU.ActiveCfg = Release|Any CPU
		{74D89E7F-0561-4A6F-ABB4-D9B4013A23DE}.Release|Any CPU.Build.0 = Release|Any CPU
	EndGlobalSection
	GlobalSection(SolutionProperties) = preSolution
		HideSolutionNode = FALSE
	EndGlobalSection
	GlobalSection(ExtensibilityGlobals) = postSolution
		SolutionGuid = {5B9A0128-65CB-4A24-A821-305697FB2E1A}
	EndGlobalSection
EndGlobal
